// !$*UTF8*$!
{
	archiveVersion = 1;
	classes = {
	};
	objectVersion = 70;
	objects = {

/* Begin PBXBuildFile section */
		BB8F297A397BDAA32708B43F /* TuistAssets+OffStageApp.swift in Sources */ = {isa = PBXBuildFile; fileRef = E3319EC3E92F6BBB8D7765AC /* TuistAssets+OffStageApp.swift */; };
		FBD39EC02160B1B3EFBE545B /* TuistBundle+OffStageApp.swift in Sources */ = {isa = PBXBuildFile; fileRef = 9EE983B213579657AF527576 /* TuistBundle+OffStageApp.swift */; };
/* End PBXBuildFile section */

/* Begin PBXContainerItemProxy section */
		4E0D03CEADA6B7A4348D002F /* PBXContainerItemProxy */ = {
			isa = PBXContainerItemProxy;
			containerPortal = 0C65C61473384A1D80BBDB4F /* Project object */;
			proxyType = 1;
			remoteGlobalIDString = 6FBE1D9317C7DFB4DB7264A3;
			remoteInfo = OffStageApp;
		};
/* End PBXContainerItemProxy section */

/* Begin PBXCopyFilesBuildPhase section */
		76870D94D80B816767CF06A4 /* Embed Frameworks */ = {
			isa = PBXCopyFilesBuildPhase;
			buildActionMask = 2147483647;
			dstPath = "";
			dstSubfolderSpec = 10;
			files = (
			);
			name = "Embed Frameworks";
			runOnlyForDeploymentPostprocessing = 0;
		};
		877D0F92C2276216F0047BEB /* Embed Frameworks */ = {
			isa = PBXCopyFilesBuildPhase;
			buildActionMask = 2147483647;
			dstPath = "";
			dstSubfolderSpec = 10;
			files = (
			);
			name = "Embed Frameworks";
			runOnlyForDeploymentPostprocessing = 0;
		};
/* End PBXCopyFilesBuildPhase section */

/* Begin PBXFileReference section */
		05520F346528C3673E81CB2C /* OffStageAppTests.xctest */ = {isa = PBXFileReference; explicitFileType = wrapper.cfbundle; includeInIndex = 0; path = OffStageAppTests.xctest; sourceTree = BUILT_PRODUCTS_DIR; };
		14F91C4BA3A99DE043480D0C /* OffStageApp-Info.plist */ = {isa = PBXFileReference; lastKnownFileType = text.plist; path = "OffStageApp-Info.plist"; sourceTree = "<group>"; };
		85D7D8F36B0110CAC7A48DD0 /* OffStageAppTests-Info.plist */ = {isa = PBXFileReference; lastKnownFileType = text.plist; path = "OffStageAppTests-Info.plist"; sourceTree = "<group>"; };
		9B92AFCEE4FB9DE450C7CA58 /* OffStageApp.app */ = {isa = PBXFileReference; explicitFileType = wrapper.application; includeInIndex = 0; path = OffStageApp.app; sourceTree = BUILT_PRODUCTS_DIR; };
		9EE983B213579657AF527576 /* TuistBundle+OffStageApp.swift */ = {isa = PBXFileReference; lastKnownFileType = sourcecode.swift; path = "TuistBundle+OffStageApp.swift"; sourceTree = "<group>"; };
		E3319EC3E92F6BBB8D7765AC /* TuistAssets+OffStageApp.swift */ = {isa = PBXFileReference; lastKnownFileType = sourcecode.swift; path = "TuistAssets+OffStageApp.swift"; sourceTree = "<group>"; };
/* End PBXFileReference section */

/* Begin PBXFileSystemSynchronizedRootGroup section */
		3729C5868A1D304C2FCA110C /* Tests */ = {isa = PBXFileSystemSynchronizedRootGroup; explicitFileTypes = {}; explicitFolders = (); path = Tests; sourceTree = "<group>"; };
		3C06B29DCEE67D7C481FE3C0 /* Resources */ = {isa = PBXFileSystemSynchronizedRootGroup; explicitFileTypes = {}; explicitFolders = (); path = Resources; sourceTree = "<group>"; };
		CF5A90865581BAB35A501D65 /* Sources */ = {isa = PBXFileSystemSynchronizedRootGroup; explicitFileTypes = {}; explicitFolders = (); path = Sources; sourceTree = "<group>"; };
/* End PBXFileSystemSynchronizedRootGroup section */

/* Begin PBXFrameworksBuildPhase section */
		85AD9A2522E6DD8B1B458815 /* Frameworks */ = {
			isa = PBXFrameworksBuildPhase;
			buildActionMask = 2147483647;
			files = (
			);
			runOnlyForDeploymentPostprocessing = 0;
		};
		8C619678E888C2E8FBCF03C0 /* Frameworks */ = {
			isa = PBXFrameworksBuildPhase;
			buildActionMask = 2147483647;
			files = (
			);
			runOnlyForDeploymentPostprocessing = 0;
		};
/* End PBXFrameworksBuildPhase section */

/* Begin PBXGroup section */
		0331F85938D3DAFE10B584A0 /* Project */ = {
			isa = PBXGroup;
			children = (
				0C650A4664756839A9058E53 /* Derived */,
				684536F0B24DBEB9265C78A8 /* OffStageApp */,
			);
			name = Project;
			sourceTree = "<group>";
		};
		0C650A4664756839A9058E53 /* Derived */ = {
			isa = PBXGroup;
			children = (
				402B73F80D8703AF73304B02 /* InfoPlists */,
				C7F2C9E094FD5BA47E792BC3 /* Sources */,
			);
			path = Derived;
			sourceTree = "<group>";
		};
		244A01DCE354839B9997B3F0 = {
			isa = PBXGroup;
			children = (
				3F50384F85957E2C6C09480B /* Products */,
				0331F85938D3DAFE10B584A0 /* Project */,
			);
			sourceTree = "<group>";
		};
		3F50384F85957E2C6C09480B /* Products */ = {
			isa = PBXGroup;
			children = (
				9B92AFCEE4FB9DE450C7CA58 /* OffStageApp.app */,
				05520F346528C3673E81CB2C /* OffStageAppTests.xctest */,
			);
			name = Products;
			sourceTree = "<group>";
		};
		402B73F80D8703AF73304B02 /* InfoPlists */ = {
			isa = PBXGroup;
			children = (
				14F91C4BA3A99DE043480D0C /* OffStageApp-Info.plist */,
				85D7D8F36B0110CAC7A48DD0 /* OffStageAppTests-Info.plist */,
			);
			path = InfoPlists;
			sourceTree = "<group>";
		};
		684536F0B24DBEB9265C78A8 /* OffStageApp */ = {
			isa = PBXGroup;
			children = (
				3C06B29DCEE67D7C481FE3C0 /* Resources */,
				CF5A90865581BAB35A501D65 /* Sources */,
				3729C5868A1D304C2FCA110C /* Tests */,
			);
			path = OffStageApp;
			sourceTree = "<group>";
		};
		C7F2C9E094FD5BA47E792BC3 /* Sources */ = {
			isa = PBXGroup;
			children = (
				E3319EC3E92F6BBB8D7765AC /* TuistAssets+OffStageApp.swift */,
				9EE983B213579657AF527576 /* TuistBundle+OffStageApp.swift */,
			);
			path = Sources;
			sourceTree = "<group>";
		};
/* End PBXGroup section */

/* Begin PBXNativeTarget section */
		4FBE1ABB355434AB6D07BAD5 /* OffStageAppTests */ = {
			isa = PBXNativeTarget;
			buildConfigurationList = 51B0B3D90760F934DD235161 /* Build configuration list for PBXNativeTarget "OffStageAppTests" */;
			buildPhases = (
				EA7E476A27DE2B9F5D521624 /* Sources */,
				80018CD507089FF38B2FF3AD /* Resources */,
				8C619678E888C2E8FBCF03C0 /* Frameworks */,
				877D0F92C2276216F0047BEB /* Embed Frameworks */,
			);
			buildRules = (
			);
			dependencies = (
				68195FD72ADBB488BD605DE7 /* PBXTargetDependency */,
			);
			fileSystemSynchronizedGroups = (
				3729C5868A1D304C2FCA110C /* Tests */,
			);
			name = OffStageAppTests;
			packageProductDependencies = (
			);
			productName = OffStageAppTests;
			productReference = 05520F346528C3673E81CB2C /* OffStageAppTests.xctest */;
			productType = "com.apple.product-type.bundle.unit-test";
		};
		6FBE1D9317C7DFB4DB7264A3 /* OffStageApp */ = {
			isa = PBXNativeTarget;
			buildConfigurationList = D740E67C7EC57FF824E6A648 /* Build configuration list for PBXNativeTarget "OffStageApp" */;
			buildPhases = (
				BAAD38959D641040CB6DC346 /* SwiftFormat (mise, --lint) */,
				14104F7333248EB0216FC663 /* SwiftLint (mise) */,
				4FB01A0AF0806BC9233C096E /* Sources */,
				BD726373150B5888498FF93C /* Resources */,
				85AD9A2522E6DD8B1B458815 /* Frameworks */,
				76870D94D80B816767CF06A4 /* Embed Frameworks */,
			);
			buildRules = (
			);
			dependencies = (
			);
			fileSystemSynchronizedGroups = (
				3C06B29DCEE67D7C481FE3C0 /* Resources */,
				CF5A90865581BAB35A501D65 /* Sources */,
			);
			name = OffStageApp;
			packageProductDependencies = (
			);
			productName = OffStageApp;
			productReference = 9B92AFCEE4FB9DE450C7CA58 /* OffStageApp.app */;
			productType = "com.apple.product-type.application";
		};
/* End PBXNativeTarget section */

/* Begin PBXProject section */
		0C65C61473384A1D80BBDB4F /* Project object */ = {
			isa = PBXProject;
			attributes = {
				BuildIndependentTargetsInParallel = YES;
				TargetAttributes = {
					4FBE1ABB355434AB6D07BAD5 = {
						TestTargetID = 6FBE1D9317C7DFB4DB7264A3;
					};
				};
			};
			buildConfigurationList = 7FFBA518476221315CD1A5B8 /* Build configuration list for PBXProject "OffStageApp" */;
			compatibilityVersion = "Xcode 14.0";
			developmentRegion = en;
			hasScannedForEncodings = 0;
			knownRegions = (
				Base,
				en,
			);
			mainGroup = 244A01DCE354839B9997B3F0;
			productRefGroup = 3F50384F85957E2C6C09480B /* Products */;
			projectDirPath = "";
			projectRoot = "";
			targets = (
				6FBE1D9317C7DFB4DB7264A3 /* OffStageApp */,
				4FBE1ABB355434AB6D07BAD5 /* OffStageAppTests */,
			);
		};
/* End PBXProject section */

/* Begin PBXResourcesBuildPhase section */
		80018CD507089FF38B2FF3AD /* Resources */ = {
			isa = PBXResourcesBuildPhase;
			buildActionMask = 2147483647;
			files = (
			);
			runOnlyForDeploymentPostprocessing = 0;
		};
		BD726373150B5888498FF93C /* Resources */ = {
			isa = PBXResourcesBuildPhase;
			buildActionMask = 2147483647;
			files = (
			);
			runOnlyForDeploymentPostprocessing = 0;
		};
/* End PBXResourcesBuildPhase section */

/* Begin PBXShellScriptBuildPhase section */
		14104F7333248EB0216FC663 /* SwiftLint (mise) */ = {
			isa = PBXShellScriptBuildPhase;
			alwaysOutOfDate = 1;
			buildActionMask = 2147483647;
			files = (
			);
			inputFileListPaths = (
			);
			inputPaths = (
			);
			name = "SwiftLint (mise)";
			outputFileListPaths = (
			);
			outputPaths = (
			);
			runOnlyForDeploymentPostprocessing = 0;
			shellPath = /bin/sh;
			shellScript = "\"$SRCROOT\"/Scripts/swiftlint.sh ";
		};
		BAAD38959D641040CB6DC346 /* SwiftFormat (mise, --lint) */ = {
			isa = PBXShellScriptBuildPhase;
			alwaysOutOfDate = 1;
			buildActionMask = 2147483647;
			files = (
			);
			inputFileListPaths = (
			);
			inputPaths = (
			);
			name = "SwiftFormat (mise, --lint)";
			outputFileListPaths = (
			);
			outputPaths = (
			);
			runOnlyForDeploymentPostprocessing = 0;
			shellPath = /bin/sh;
			shellScript = "\"$SRCROOT\"/Scripts/swiftformat.sh ";
		};
/* End PBXShellScriptBuildPhase section */

/* Begin PBXSourcesBuildPhase section */
		4FB01A0AF0806BC9233C096E /* Sources */ = {
			isa = PBXSourcesBuildPhase;
			buildActionMask = 2147483647;
			files = (
				BB8F297A397BDAA32708B43F /* TuistAssets+OffStageApp.swift in Sources */,
				FBD39EC02160B1B3EFBE545B /* TuistBundle+OffStageApp.swift in Sources */,
			);
			runOnlyForDeploymentPostprocessing = 0;
		};
		EA7E476A27DE2B9F5D521624 /* Sources */ = {
			isa = PBXSourcesBuildPhase;
			buildActionMask = 2147483647;
			files = (
			);
			runOnlyForDeploymentPostprocessing = 0;
		};
/* End PBXSourcesBuildPhase section */

/* Begin PBXTargetDependency section */
		68195FD72ADBB488BD605DE7 /* PBXTargetDependency */ = {
			isa = PBXTargetDependency;
			name = OffStageApp;
			target = 6FBE1D9317C7DFB4DB7264A3 /* OffStageApp */;
			targetProxy = 4E0D03CEADA6B7A4348D002F /* PBXContainerItemProxy */;
		};
/* End PBXTargetDependency section */

/* Begin XCBuildConfiguration section */
		02767F87199E05280859A9F8 /* Release */ = {
			isa = XCBuildConfiguration;
			buildSettings = {
				ALWAYS_SEARCH_USER_PATHS = NO;
				CLANG_ANALYZER_LOCALIZABILITY_NONLOCALIZED = YES;
				CLANG_ANALYZER_NONNULL = YES;
				CLANG_ANALYZER_NUMBER_OBJECT_CONVERSION = YES_AGGRESSIVE;
				CLANG_CXX_LANGUAGE_STANDARD = "gnu++14";
				CLANG_CXX_LIBRARY = "libc++";
				CLANG_ENABLE_MODULES = YES;
				CLANG_ENABLE_OBJC_ARC = YES;
				CLANG_ENABLE_OBJC_WEAK = YES;
				CLANG_WARN_BLOCK_CAPTURE_AUTORELEASING = YES;
				CLANG_WARN_BOOL_CONVERSION = YES;
				CLANG_WARN_COMMA = YES;
				CLANG_WARN_CONSTANT_CONVERSION = YES;
				CLANG_WARN_DEPRECATED_OBJC_IMPLEMENTATIONS = YES;
				CLANG_WARN_DIRECT_OBJC_ISA_USAGE = YES_ERROR;
				CLANG_WARN_DOCUMENTATION_COMMENTS = YES;
				CLANG_WARN_EMPTY_BODY = YES;
				CLANG_WARN_ENUM_CONVERSION = YES;
				CLANG_WARN_INFINITE_RECURSION = YES;
				CLANG_WARN_INT_CONVERSION = YES;
				CLANG_WARN_NON_LITERAL_NULL_CONVERSION = YES;
				CLANG_WARN_OBJC_IMPLICIT_RETAIN_SELF = YES;
				CLANG_WARN_OBJC_LITERAL_CONVERSION = YES;
				CLANG_WARN_OBJC_ROOT_CLASS = YES_ERROR;
				CLANG_WARN_QUOTED_INCLUDE_IN_FRAMEWORK_HEADER = YES;
				CLANG_WARN_RANGE_LOOP_ANALYSIS = YES;
				CLANG_WARN_STRICT_PROTOTYPES = YES;
				CLANG_WARN_SUSPICIOUS_MOVE = YES;
				CLANG_WARN_UNGUARDED_AVAILABILITY = YES_AGGRESSIVE;
				CLANG_WARN_UNREACHABLE_CODE = YES;
				CLANG_WARN__DUPLICATE_METHOD_MATCH = YES;
				COPY_PHASE_STRIP = NO;
				DEAD_CODE_STRIPPING = YES;
				DEBUG_INFORMATION_FORMAT = "dwarf-with-dsym";
				ENABLE_NS_ASSERTIONS = NO;
				ENABLE_STRICT_OBJC_MSGSEND = YES;
				GCC_C_LANGUAGE_STANDARD = gnu11;
				GCC_NO_COMMON_BLOCKS = YES;
				GCC_WARN_64_TO_32_BIT_CONVERSION = YES;
				GCC_WARN_ABOUT_RETURN_TYPE = YES_ERROR;
				GCC_WARN_UNDECLARED_SELECTOR = YES;
				GCC_WARN_UNINITIALIZED_AUTOS = YES_AGGRESSIVE;
				GCC_WARN_UNUSED_FUNCTION = YES;
				GCC_WARN_UNUSED_VARIABLE = YES;
				MTL_ENABLE_DEBUG_INFO = NO;
				PRODUCT_NAME = "$(TARGET_NAME)";
				VALIDATE_PRODUCT = YES;
			};
			name = Release;
		};
		0D577A46C287F50FF7CBB2A1 /* Debug */ = {
			isa = XCBuildConfiguration;
			buildSettings = {
				ALWAYS_SEARCH_USER_PATHS = NO;
				CLANG_ANALYZER_LOCALIZABILITY_NONLOCALIZED = YES;
				CLANG_ANALYZER_NONNULL = YES;
				CLANG_ANALYZER_NUMBER_OBJECT_CONVERSION = YES_AGGRESSIVE;
				CLANG_CXX_LANGUAGE_STANDARD = "gnu++14";
				CLANG_CXX_LIBRARY = "libc++";
				CLANG_ENABLE_MODULES = YES;
				CLANG_ENABLE_OBJC_ARC = YES;
				CLANG_ENABLE_OBJC_WEAK = YES;
				CLANG_WARN_BLOCK_CAPTURE_AUTORELEASING = YES;
				CLANG_WARN_BOOL_CONVERSION = YES;
				CLANG_WARN_COMMA = YES;
				CLANG_WARN_CONSTANT_CONVERSION = YES;
				CLANG_WARN_DEPRECATED_OBJC_IMPLEMENTATIONS = YES;
				CLANG_WARN_DIRECT_OBJC_ISA_USAGE = YES_ERROR;
				CLANG_WARN_DOCUMENTATION_COMMENTS = YES;
				CLANG_WARN_EMPTY_BODY = YES;
				CLANG_WARN_ENUM_CONVERSION = YES;
				CLANG_WARN_INFINITE_RECURSION = YES;
				CLANG_WARN_INT_CONVERSION = YES;
				CLANG_WARN_NON_LITERAL_NULL_CONVERSION = YES;
				CLANG_WARN_OBJC_IMPLICIT_RETAIN_SELF = YES;
				CLANG_WARN_OBJC_LITERAL_CONVERSION = YES;
				CLANG_WARN_OBJC_ROOT_CLASS = YES_ERROR;
				CLANG_WARN_QUOTED_INCLUDE_IN_FRAMEWORK_HEADER = YES;
				CLANG_WARN_RANGE_LOOP_ANALYSIS = YES;
				CLANG_WARN_STRICT_PROTOTYPES = YES;
				CLANG_WARN_SUSPICIOUS_MOVE = YES;
				CLANG_WARN_UNGUARDED_AVAILABILITY = YES_AGGRESSIVE;
				CLANG_WARN_UNREACHABLE_CODE = YES;
				CLANG_WARN__DUPLICATE_METHOD_MATCH = YES;
				COPY_PHASE_STRIP = NO;
				DEAD_CODE_STRIPPING = YES;
				DEBUG_INFORMATION_FORMAT = dwarf;
				ENABLE_STRICT_OBJC_MSGSEND = YES;
				ENABLE_TESTABILITY = YES;
				GCC_C_LANGUAGE_STANDARD = gnu11;
				GCC_DYNAMIC_NO_PIC = NO;
				GCC_NO_COMMON_BLOCKS = YES;
				GCC_OPTIMIZATION_LEVEL = 0;
				GCC_PREPROCESSOR_DEFINITIONS = (
					"DEBUG=1",
					"$(inherited)",
				);
				GCC_WARN_64_TO_32_BIT_CONVERSION = YES;
				GCC_WARN_ABOUT_RETURN_TYPE = YES_ERROR;
				GCC_WARN_UNDECLARED_SELECTOR = YES;
				GCC_WARN_UNINITIALIZED_AUTOS = YES_AGGRESSIVE;
				GCC_WARN_UNUSED_FUNCTION = YES;
				GCC_WARN_UNUSED_VARIABLE = YES;
				MTL_ENABLE_DEBUG_INFO = YES;
				ONLY_ACTIVE_ARCH = YES;
				PRODUCT_NAME = "$(TARGET_NAME)";
			};
			name = Debug;
		};
		1345E83D17C815A35CC108F5 /* Release */ = {
			isa = XCBuildConfiguration;
			buildSettings = {
				ASSETCATALOG_COMPILER_APPICON_NAME = AppIcon;
				ASSETCATALOG_COMPILER_GLOBAL_ACCENT_COLOR_NAME = AccentColor;
				CODE_SIGN_IDENTITY = "iPhone Developer";
				ENABLE_PREVIEWS = YES;
				INFOPLIST_FILE = "Derived/InfoPlists/OffStageApp-Info.plist";
				LD_RUNPATH_SEARCH_PATHS = (
					"$(inherited)",
					"@executable_path/Frameworks",
				);
				PRODUCT_BUNDLE_IDENTIFIER = dev.tuist.OffStageApp;
				PRODUCT_NAME = OffStageApp;
				SDKROOT = iphoneos;
				SUPPORTS_MACCATALYST = NO;
				SUPPORTS_MAC_DESIGNED_FOR_IPHONE_IPAD = YES;
				SUPPORTS_XR_DESIGNED_FOR_IPHONE_IPAD = NO;
				SWIFT_COMPILATION_MODE = wholemodule;
				SWIFT_OPTIMIZATION_LEVEL = "-O";
				SWIFT_VERSION = 5.0;
				TARGETED_DEVICE_FAMILY = "1,2";
			};
			name = Release;
		};
		4901A41579352F611ABC4F9C /* Debug */ = {
			isa = XCBuildConfiguration;
			buildSettings = {
				BUNDLE_LOADER = "$(TEST_HOST)";
				CODE_SIGN_IDENTITY = "iPhone Developer";
				INFOPLIST_FILE = "Derived/InfoPlists/OffStageAppTests-Info.plist";
				LD_RUNPATH_SEARCH_PATHS = (
					"$(inherited)",
					"@executable_path/Frameworks",
					"@loader_path/Frameworks",
				);
				PRODUCT_BUNDLE_IDENTIFIER = dev.tuist.OffStageAppTests;
				PRODUCT_NAME = OffStageAppTests;
				SDKROOT = iphoneos;
				SUPPORTS_MACCATALYST = NO;
				SUPPORTS_MAC_DESIGNED_FOR_IPHONE_IPAD = YES;
				SUPPORTS_XR_DESIGNED_FOR_IPHONE_IPAD = NO;
				SWIFT_ACTIVE_COMPILATION_CONDITIONS = "$(inherited) DEBUG";
				SWIFT_COMPILATION_MODE = singlefile;
				SWIFT_OPTIMIZATION_LEVEL = "-Onone";
				SWIFT_VERSION = 5.0;
				TARGETED_DEVICE_FAMILY = "1,2";
				TEST_HOST = "$(BUILT_PRODUCTS_DIR)/OffStageApp.app/$(BUNDLE_EXECUTABLE_FOLDER_PATH)/OffStageApp";
				TEST_TARGET_NAME = OffStageApp;
			};
			name = Debug;
		};
		85C6B8C100064BC817DC2815 /* Debug */ = {
			isa = XCBuildConfiguration;
			buildSettings = {
				ASSETCATALOG_COMPILER_APPICON_NAME = AppIcon;
				ASSETCATALOG_COMPILER_GLOBAL_ACCENT_COLOR_NAME = AccentColor;
				CODE_SIGN_IDENTITY = "iPhone Developer";
				ENABLE_PREVIEWS = YES;
				INFOPLIST_FILE = "Derived/InfoPlists/OffStageApp-Info.plist";
				LD_RUNPATH_SEARCH_PATHS = (
					"$(inherited)",
					"@executable_path/Frameworks",
				);
				PRODUCT_BUNDLE_IDENTIFIER = dev.tuist.OffStageApp;
				PRODUCT_NAME = OffStageApp;
				SDKROOT = iphoneos;
				SUPPORTS_MACCATALYST = NO;
				SUPPORTS_MAC_DESIGNED_FOR_IPHONE_IPAD = YES;
				SUPPORTS_XR_DESIGNED_FOR_IPHONE_IPAD = NO;
				SWIFT_ACTIVE_COMPILATION_CONDITIONS = "$(inherited) DEBUG";
				SWIFT_COMPILATION_MODE = singlefile;
				SWIFT_OPTIMIZATION_LEVEL = "-Onone";
				SWIFT_VERSION = 5.0;
				TARGETED_DEVICE_FAMILY = "1,2";
			};
			name = Debug;
		};
		F4468F37E429D2EF73A4207C /* Release */ = {
			isa = XCBuildConfiguration;
			buildSettings = {
				BUNDLE_LOADER = "$(TEST_HOST)";
				CODE_SIGN_IDENTITY = "iPhone Developer";
				INFOPLIST_FILE = "Derived/InfoPlists/OffStageAppTests-Info.plist";
				LD_RUNPATH_SEARCH_PATHS = (
					"$(inherited)",
					"@executable_path/Frameworks",
					"@loader_path/Frameworks",
				);
				PRODUCT_BUNDLE_IDENTIFIER = dev.tuist.OffStageAppTests;
				PRODUCT_NAME = OffStageAppTests;
				SDKROOT = iphoneos;
				SUPPORTS_MACCATALYST = NO;
				SUPPORTS_MAC_DESIGNED_FOR_IPHONE_IPAD = YES;
				SUPPORTS_XR_DESIGNED_FOR_IPHONE_IPAD = NO;
				SWIFT_COMPILATION_MODE = wholemodule;
				SWIFT_OPTIMIZATION_LEVEL = "-O";
				SWIFT_VERSION = 5.0;
				TARGETED_DEVICE_FAMILY = "1,2";
				TEST_HOST = "$(BUILT_PRODUCTS_DIR)/OffStageApp.app/$(BUNDLE_EXECUTABLE_FOLDER_PATH)/OffStageApp";
				TEST_TARGET_NAME = OffStageApp;
			};
			name = Release;
		};
/* End XCBuildConfiguration section */

/* Begin XCConfigurationList section */
		51B0B3D90760F934DD235161 /* Build configuration list for PBXNativeTarget "OffStageAppTests" */ = {
			isa = XCConfigurationList;
			buildConfigurations = (
				4901A41579352F611ABC4F9C /* Debug */,
				F4468F37E429D2EF73A4207C /* Release */,
			);
			defaultConfigurationIsVisible = 0;
			defaultConfigurationName = Release;
		};
		7FFBA518476221315CD1A5B8 /* Build configuration list for PBXProject "OffStageApp" */ = {
			isa = XCConfigurationList;
			buildConfigurations = (
				0D577A46C287F50FF7CBB2A1 /* Debug */,
				02767F87199E05280859A9F8 /* Release */,
			);
			defaultConfigurationIsVisible = 0;
			defaultConfigurationName = Release;
		};
		D740E67C7EC57FF824E6A648 /* Build configuration list for PBXNativeTarget "OffStageApp" */ = {
			isa = XCConfigurationList;
			buildConfigurations = (
				85C6B8C100064BC817DC2815 /* Debug */,
				1345E83D17C815A35CC108F5 /* Release */,
			);
			defaultConfigurationIsVisible = 0;
			defaultConfigurationName = Release;
		};
/* End XCConfigurationList section */
	};
	rootObject = 0C65C61473384A1D80BBDB4F /* Project object */;
}
